
Microsoft Visual Studio Solution File, Format Version 12.00
# Visual Studio Version 16
VisualStudioVersion = 16.0.30804.86
MinimumVisualStudioVersion = 10.0.40219.1
Project("{FAE04EC0-301F-11D3-BF4B-00C04F79EFBC}") = "HelloService", "HelloService\HelloService.csproj", "{B93A5775-635C-4D58-87B6-178DF39DE4E9}"
EndProject
Project("{FAE04EC0-301F-11D3-BF4B-00C04F79EFBC}") = "HelloServiceHost", "HelloServiceHost\HelloServiceHost.csproj", "{EE712E09-35D3-4147-BA26-F80CF68914E7}"
EndProject
Global
	GlobalSection(SolutionConfigurationPlatforms) = preSolution
		Debug|Any CPU = Debug|Any CPU
		Release|Any CPU = Release|Any CPU
	EndGlobalSection
	GlobalSection(ProjectConfigurationPlatforms) = postSolution
		{B93A5775-635C-4D58-87B6-178DF39DE4E9}.Debug|Any CPU.ActiveCfg = Debug|Any CPU
		{B93A5775-635C-4D58-87B6-178DF39DE4E9}.Debug|Any CPU.Build.0 = Debug|Any CPU
		{B93A5775-635C-4D58-87B6-178DF39DE4E9}.Release|Any CPU.ActiveCfg = Release|Any CPU
		{B93A5775-635C-4D58-87B6-178DF39DE4E9}.Release|Any CPU.Build.0 = Release|Any CPU
		{EE712E09-35D3-4147-BA26-F80CF68914E7}.Debug|Any CPU.ActiveCfg = Debug|Any CPU
		{EE712E09-35D3-4147-BA26-F80CF68914E7}.Debug|Any CPU.Build.0 = Debug|Any CPU
		{EE712E09-35D3-4147-BA26-F80CF68914E7}.Release|Any CPU.ActiveCfg = Release|Any CPU
		{EE712E09-35D3-4147-BA26-F80CF68914E7}.Release|Any CPU.Build.0 = Release|Any CPU
	EndGlobalSection
	GlobalSection(SolutionProperties) = preSolution
		HideSolutionNode = FALSE
	EndGlobalSection
	GlobalSection(ExtensibilityGlobals) = postSolution
		SolutionGuid = {122F7B16-76C0-4FFB-AEC7-94F9B6CAAC0D}
	EndGlobalSection
EndGlobal
